# THIS IS AN AUTOGENERATED FILE. DO NOT EDIT THIS FILE DIRECTLY.
# yarn lockfile v1


minimist@^1.2.0:
  version "1.2.0"
  resolved "https://registry.npmjs.org/minimist/-/minimist-1.2.0.tgz#a35008b20f41383eec1fb914f4cd5df79a264284"
  integrity sha1-o1AIsg9BOD7sH7kU9M1d95omQoQ=

napi-rs@^0.1.0:
  version "0.1.1"
  resolved "https://registry.npmjs.org/napi-rs/-/napi-rs-0.1.1.tgz#00c823423be5f070e4d5a01b143e4e848f4a2512"
  integrity sha512-eYHtHpqneoL3coE0kLr5hbRR9Z3hx97qfNdzXneuUWR3eFs8qNaJZRX2dln2gWieJaYrqUWs+rvR4+jdBlse6Q==
  dependencies:
    minimist "^1.2.0"
